// !$*UTF8*$!
{
	archiveVersion = 1;
	classes = {
	};
	objectVersion = 56;
	objects = {

/* Begin PBXBuildFile section */
		610794152C6F796D00CD159B /* MyCanvas.swift in Sources */ = {isa = PBXBuildFile; fileRef = 610794142C6F796D00CD159B /* MyCanvas.swift */; };
		614ED33B2C80F4070013AA8A /* CutomizedToolBars.swift in Sources */ = {isa = PBXBuildFile; fileRef = 614ED33A2C80F4070013AA8A /* CutomizedToolBars.swift */; };
		61C26DB22C76301400B937FD /* AnimalClassifier.mlmodel in Sources */ = {isa = PBXBuildFile; fileRef = 61C26DB12C76301400B937FD /* AnimalClassifier.mlmodel */; };
		61DBC2352C5986CA0007F69D /* MLApp.swift in Sources */ = {isa = PBXBuildFile; fileRef = 61DBC2342C5986CA0007F69D /* MLApp.swift */; };
		61DBC2372C5986CA0007F69D /* ScenarioView.swift in Sources */ = {isa = PBXBuildFile; fileRef = 61DBC2362C5986CA0007F69D /* ScenarioView.swift */; };
		61DBC2392C5986CB0007F69D /* Assets.xcassets in Resources */ = {isa = PBXBuildFile; fileRef = 61DBC2382C5986CB0007F69D /* Assets.xcassets */; };
		61DBC23C2C5986CB0007F69D /* Preview Assets.xcassets in Resources */ = {isa = PBXBuildFile; fileRef = 61DBC23B2C5986CB0007F69D /* Preview Assets.xcassets */; };
		61DBC2432C5989D20007F69D /* DrawingCanvasView.swift in Sources */ = {isa = PBXBuildFile; fileRef = 61DBC2422C5989D20007F69D /* DrawingCanvasView.swift */; };
		61FCD8D92C5A703300940C1C /* DrawingCanvasViewModel.swift in Sources */ = {isa = PBXBuildFile; fileRef = 61FCD8D82C5A703300940C1C /* DrawingCanvasViewModel.swift */; };
		61FCD8DB2C5A704A00940C1C /* ScenarioViewModel.swift in Sources */ = {isa = PBXBuildFile; fileRef = 61FCD8DA2C5A704A00940C1C /* ScenarioViewModel.swift */; };
		61FCD8DE2C5A803300940C1C /* ImageProcessor.swift in Sources */ = {isa = PBXBuildFile; fileRef = 61FCD8DD2C5A803200940C1C /* ImageProcessor.swift */; };
		626051F02C74BD5D00C76849 /* InitialMenuView.swift in Sources */ = {isa = PBXBuildFile; fileRef = 626051EF2C74BD5D00C76849 /* InitialMenuView.swift */; };
		626051F22C74BE0A00C76849 /* BackgroundView.swift in Sources */ = {isa = PBXBuildFile; fileRef = 626051F12C74BE0A00C76849 /* BackgroundView.swift */; };
		626051F42C74C5F300C76849 /* InitialMenuViewModel.swift in Sources */ = {isa = PBXBuildFile; fileRef = 626051F32C74C5F300C76849 /* InitialMenuViewModel.swift */; };
		62FF70DE2C6F735D0092F484 /* AnimalData.swift in Sources */ = {isa = PBXBuildFile; fileRef = 62FF70DD2C6F735D0092F484 /* AnimalData.swift */; };
		A7A179D52C7E025100726F57 /* Shaders.metal in Sources */ = {isa = PBXBuildFile; fileRef = A7A179D42C7E025100726F57 /* Shaders.metal */; };
		A7A179D72C7FEF7100726F57 /* SwimAnimationView.swift in Sources */ = {isa = PBXBuildFile; fileRef = A7A179D62C7FEF7100726F57 /* SwimAnimationView.swift */; };
		A7A179D92C809A0700726F57 /* ShakeAnimationView.swift in Sources */ = {isa = PBXBuildFile; fileRef = A7A179D82C809A0700726F57 /* ShakeAnimationView.swift */; };
		A7A179DB2C80AE2300726F57 /* WaveAnimationView.swift in Sources */ = {isa = PBXBuildFile; fileRef = A7A179DA2C80AE2300726F57 /* WaveAnimationView.swift */; };
/* End PBXBuildFile section */

/* Begin PBXFileReference section */
		610794142C6F796D00CD159B /* MyCanvas.swift */ = {isa = PBXFileReference; lastKnownFileType = sourcecode.swift; path = MyCanvas.swift; sourceTree = "<group>"; };
		614ED33A2C80F4070013AA8A /* CutomizedToolBars.swift */ = {isa = PBXFileReference; lastKnownFileType = sourcecode.swift; path = CutomizedToolBars.swift; sourceTree = "<group>"; };
		61C26DB12C76301400B937FD /* AnimalClassifier.mlmodel */ = {isa = PBXFileReference; lastKnownFileType = file.mlmodel; path = AnimalClassifier.mlmodel; sourceTree = "<group>"; };
		61DBC2312C5986CA0007F69D /* ML.app */ = {isa = PBXFileReference; explicitFileType = wrapper.application; includeInIndex = 0; path = ML.app; sourceTree = BUILT_PRODUCTS_DIR; };
		61DBC2342C5986CA0007F69D /* MLApp.swift */ = {isa = PBXFileReference; lastKnownFileType = sourcecode.swift; path = MLApp.swift; sourceTree = "<group>"; };
		61DBC2362C5986CA0007F69D /* ScenarioView.swift */ = {isa = PBXFileReference; lastKnownFileType = sourcecode.swift; path = ScenarioView.swift; sourceTree = "<group>"; };
		61DBC2382C5986CB0007F69D /* Assets.xcassets */ = {isa = PBXFileReference; lastKnownFileType = folder.assetcatalog; path = Assets.xcassets; sourceTree = "<group>"; };
		61DBC23B2C5986CB0007F69D /* Preview Assets.xcassets */ = {isa = PBXFileReference; lastKnownFileType = folder.assetcatalog; path = "Preview Assets.xcassets"; sourceTree = "<group>"; };
		61DBC2422C5989D20007F69D /* DrawingCanvasView.swift */ = {isa = PBXFileReference; lastKnownFileType = sourcecode.swift; path = DrawingCanvasView.swift; sourceTree = "<group>"; };
		61FCD8D82C5A703300940C1C /* DrawingCanvasViewModel.swift */ = {isa = PBXFileReference; lastKnownFileType = sourcecode.swift; path = DrawingCanvasViewModel.swift; sourceTree = "<group>"; };
		61FCD8DA2C5A704A00940C1C /* ScenarioViewModel.swift */ = {isa = PBXFileReference; lastKnownFileType = sourcecode.swift; path = ScenarioViewModel.swift; sourceTree = "<group>"; };
		61FCD8DD2C5A803200940C1C /* ImageProcessor.swift */ = {isa = PBXFileReference; lastKnownFileType = sourcecode.swift; path = ImageProcessor.swift; sourceTree = "<group>"; };
		626051EF2C74BD5D00C76849 /* InitialMenuView.swift */ = {isa = PBXFileReference; lastKnownFileType = sourcecode.swift; path = InitialMenuView.swift; sourceTree = "<group>"; };
		626051F12C74BE0A00C76849 /* BackgroundView.swift */ = {isa = PBXFileReference; lastKnownFileType = sourcecode.swift; path = BackgroundView.swift; sourceTree = "<group>"; };
		626051F32C74C5F300C76849 /* InitialMenuViewModel.swift */ = {isa = PBXFileReference; lastKnownFileType = sourcecode.swift; path = InitialMenuViewModel.swift; sourceTree = "<group>"; };
		62FF70DD2C6F735D0092F484 /* AnimalData.swift */ = {isa = PBXFileReference; lastKnownFileType = sourcecode.swift; path = AnimalData.swift; sourceTree = "<group>"; };
		A7A179D42C7E025100726F57 /* Shaders.metal */ = {isa = PBXFileReference; lastKnownFileType = sourcecode.metal; path = Shaders.metal; sourceTree = "<group>"; };
		A7A179D62C7FEF7100726F57 /* SwimAnimationView.swift */ = {isa = PBXFileReference; lastKnownFileType = sourcecode.swift; path = SwimAnimationView.swift; sourceTree = "<group>"; };
		A7A179D82C809A0700726F57 /* ShakeAnimationView.swift */ = {isa = PBXFileReference; lastKnownFileType = sourcecode.swift; path = ShakeAnimationView.swift; sourceTree = "<group>"; };
		A7A179DA2C80AE2300726F57 /* WaveAnimationView.swift */ = {isa = PBXFileReference; lastKnownFileType = sourcecode.swift; path = WaveAnimationView.swift; sourceTree = "<group>"; };
/* End PBXFileReference section */

/* Begin PBXFrameworksBuildPhase section */
		61DBC22E2C5986CA0007F69D /* Frameworks */ = {
			isa = PBXFrameworksBuildPhase;
			buildActionMask = 2147483647;
			files = (
			);
			runOnlyForDeploymentPostprocessing = 0;
		};
/* End PBXFrameworksBuildPhase section */

/* Begin PBXGroup section */
		615106F12C5D06C9000D38A0 /* MachineLearningModels */ = {
			isa = PBXGroup;
			children = (
				61C26DB12C76301400B937FD /* AnimalClassifier.mlmodel */,
			);
			path = MachineLearningModels;
			sourceTree = "<group>";
		};
		61DBC2282C5986CA0007F69D = {
			isa = PBXGroup;
			children = (
				61DBC2332C5986CA0007F69D /* ML */,
				61DBC2322C5986CA0007F69D /* Products */,
			);
			sourceTree = "<group>";
		};
		61DBC2322C5986CA0007F69D /* Products */ = {
			isa = PBXGroup;
			children = (
				61DBC2312C5986CA0007F69D /* ML.app */,
			);
			name = Products;
			sourceTree = "<group>";
		};
		61DBC2332C5986CA0007F69D /* ML */ = {
			isa = PBXGroup;
			children = (
				A7A179D32C7E022B00726F57 /* Shaders */,
				61FCD8DC2C5A801E00940C1C /* Models */,
				61FCD8D72C5A701400940C1C /* ViewModels */,
				61FCD8D62C5A700C00940C1C /* Views */,
				61DBC2342C5986CA0007F69D /* MLApp.swift */,
				61DBC2382C5986CB0007F69D /* Assets.xcassets */,
				61DBC23A2C5986CB0007F69D /* Preview Content */,
			);
			path = ML;
			sourceTree = "<group>";
		};
		61DBC23A2C5986CB0007F69D /* Preview Content */ = {
			isa = PBXGroup;
			children = (
				61DBC23B2C5986CB0007F69D /* Preview Assets.xcassets */,
			);
			path = "Preview Content";
			sourceTree = "<group>";
		};
		61FCD8D62C5A700C00940C1C /* Views */ = {
			isa = PBXGroup;
			children = (
				A7A179DC2C80AEC200726F57 /* Animation */,
				61DBC2362C5986CA0007F69D /* ScenarioView.swift */,
				61DBC2422C5989D20007F69D /* DrawingCanvasView.swift */,
				610794142C6F796D00CD159B /* MyCanvas.swift */,
				626051EF2C74BD5D00C76849 /* InitialMenuView.swift */,
				626051F12C74BE0A00C76849 /* BackgroundView.swift */,
				614ED33A2C80F4070013AA8A /* CutomizedToolBars.swift */,
			);
			path = Views;
			sourceTree = "<group>";
		};
		61FCD8D72C5A701400940C1C /* ViewModels */ = {
			isa = PBXGroup;
			children = (
				61FCD8D82C5A703300940C1C /* DrawingCanvasViewModel.swift */,
				61FCD8DA2C5A704A00940C1C /* ScenarioViewModel.swift */,
				626051F32C74C5F300C76849 /* InitialMenuViewModel.swift */,
			);
			path = ViewModels;
			sourceTree = "<group>";
		};
		61FCD8DC2C5A801E00940C1C /* Models */ = {
			isa = PBXGroup;
			children = (
				615106F12C5D06C9000D38A0 /* MachineLearningModels */,
				61FCD8DD2C5A803200940C1C /* ImageProcessor.swift */,
				62FF70DD2C6F735D0092F484 /* AnimalData.swift */,
			);
			path = Models;
			sourceTree = "<group>";
		};
		A7A179D32C7E022B00726F57 /* Shaders */ = {
			isa = PBXGroup;
			children = (
				A7A179D42C7E025100726F57 /* Shaders.metal */,
			);
			path = Shaders;
			sourceTree = "<group>";
		};
		A7A179DC2C80AEC200726F57 /* Animation */ = {
			isa = PBXGroup;
			children = (
				A7A179D62C7FEF7100726F57 /* SwimAnimationView.swift */,
				A7A179D82C809A0700726F57 /* ShakeAnimationView.swift */,
				A7A179DA2C80AE2300726F57 /* WaveAnimationView.swift */,
			);
			path = Animation;
			sourceTree = "<group>";
		};
/* End PBXGroup section */

/* Begin PBXNativeTarget section */
		61DBC2302C5986CA0007F69D /* ML */ = {
			isa = PBXNativeTarget;
			buildConfigurationList = 61DBC23F2C5986CB0007F69D /* Build configuration list for PBXNativeTarget "ML" */;
			buildPhases = (
				61DBC22D2C5986CA0007F69D /* Sources */,
				61DBC22E2C5986CA0007F69D /* Frameworks */,
				61DBC22F2C5986CA0007F69D /* Resources */,
			);
			buildRules = (
			);
			dependencies = (
			);
			name = ML;
			productName = ML;
			productReference = 61DBC2312C5986CA0007F69D /* ML.app */;
			productType = "com.apple.product-type.application";
		};
/* End PBXNativeTarget section */

/* Begin PBXProject section */
		61DBC2292C5986CA0007F69D /* Project object */ = {
			isa = PBXProject;
			attributes = {
				BuildIndependentTargetsInParallel = 1;
				LastSwiftUpdateCheck = 1540;
				LastUpgradeCheck = 1540;
				TargetAttributes = {
					61DBC2302C5986CA0007F69D = {
						CreatedOnToolsVersion = 15.4;
					};
				};
			};
			buildConfigurationList = 61DBC22C2C5986CA0007F69D /* Build configuration list for PBXProject "ML" */;
			compatibilityVersion = "Xcode 14.0";
			developmentRegion = en;
			hasScannedForEncodings = 0;
			knownRegions = (
				en,
				Base,
			);
			mainGroup = 61DBC2282C5986CA0007F69D;
			productRefGroup = 61DBC2322C5986CA0007F69D /* Products */;
			projectDirPath = "";
			projectRoot = "";
			targets = (
				61DBC2302C5986CA0007F69D /* ML */,
			);
		};
/* End PBXProject section */

/* Begin PBXResourcesBuildPhase section */
		61DBC22F2C5986CA0007F69D /* Resources */ = {
			isa = PBXResourcesBuildPhase;
			buildActionMask = 2147483647;
			files = (
				61DBC23C2C5986CB0007F69D /* Preview Assets.xcassets in Resources */,
				61DBC2392C5986CB0007F69D /* Assets.xcassets in Resources */,
			);
			runOnlyForDeploymentPostprocessing = 0;
		};
/* End PBXResourcesBuildPhase section */

/* Begin PBXSourcesBuildPhase section */
		61DBC22D2C5986CA0007F69D /* Sources */ = {
			isa = PBXSourcesBuildPhase;
			buildActionMask = 2147483647;
			files = (
				A7A179DB2C80AE2300726F57 /* WaveAnimationView.swift in Sources */,
				626051F42C74C5F300C76849 /* InitialMenuViewModel.swift in Sources */,
				610794152C6F796D00CD159B /* MyCanvas.swift in Sources */,
				A7A179D52C7E025100726F57 /* Shaders.metal in Sources */,
				A7A179D92C809A0700726F57 /* ShakeAnimationView.swift in Sources */,
				626051F22C74BE0A00C76849 /* BackgroundView.swift in Sources */,
				61DBC2372C5986CA0007F69D /* ScenarioView.swift in Sources */,
				61DBC2352C5986CA0007F69D /* MLApp.swift in Sources */,
				A7A179D72C7FEF7100726F57 /* SwimAnimationView.swift in Sources */,
				61FCD8DB2C5A704A00940C1C /* ScenarioViewModel.swift in Sources */,
				62FF70DE2C6F735D0092F484 /* AnimalData.swift in Sources */,
				61C26DB22C76301400B937FD /* AnimalClassifier.mlmodel in Sources */,
				61DBC2432C5989D20007F69D /* DrawingCanvasView.swift in Sources */,
				61FCD8DE2C5A803300940C1C /* ImageProcessor.swift in Sources */,
				626051F02C74BD5D00C76849 /* InitialMenuView.swift in Sources */,
				61FCD8D92C5A703300940C1C /* DrawingCanvasViewModel.swift in Sources */,
				614ED33B2C80F4070013AA8A /* CutomizedToolBars.swift in Sources */,
			);
			runOnlyForDeploymentPostprocessing = 0;
		};
/* End PBXSourcesBuildPhase section */

/* Begin XCBuildConfiguration section */
		61DBC23D2C5986CB0007F69D /* Debug */ = {
			isa = XCBuildConfiguration;
			buildSettings = {
				ALWAYS_SEARCH_USER_PATHS = NO;
				ASSETCATALOG_COMPILER_GENERATE_SWIFT_ASSET_SYMBOL_EXTENSIONS = YES;
				CLANG_ANALYZER_NONNULL = YES;
				CLANG_ANALYZER_NUMBER_OBJECT_CONVERSION = YES_AGGRESSIVE;
				CLANG_CXX_LANGUAGE_STANDARD = "gnu++20";
				CLANG_ENABLE_MODULES = YES;
				CLANG_ENABLE_OBJC_ARC = YES;
				CLANG_ENABLE_OBJC_WEAK = YES;
				CLANG_WARN_BLOCK_CAPTURE_AUTORELEASING = YES;
				CLANG_WARN_BOOL_CONVERSION = YES;
				CLANG_WARN_COMMA = YES;
				CLANG_WARN_CONSTANT_CONVERSION = YES;
				CLANG_WARN_DEPRECATED_OBJC_IMPLEMENTATIONS = YES;
				CLANG_WARN_DIRECT_OBJC_ISA_USAGE = YES_ERROR;
				CLANG_WARN_DOCUMENTATION_COMMENTS = YES;
				CLANG_WARN_EMPTY_BODY = YES;
				CLANG_WARN_ENUM_CONVERSION = YES;
				CLANG_WARN_INFINITE_RECURSION = YES;
				CLANG_WARN_INT_CONVERSION = YES;
				CLANG_WARN_NON_LITERAL_NULL_CONVERSION = YES;
				CLANG_WARN_OBJC_IMPLICIT_RETAIN_SELF = YES;
				CLANG_WARN_OBJC_LITERAL_CONVERSION = YES;
				CLANG_WARN_OBJC_ROOT_CLASS = YES_ERROR;
				CLANG_WARN_QUOTED_INCLUDE_IN_FRAMEWORK_HEADER = YES;
				CLANG_WARN_RANGE_LOOP_ANALYSIS = YES;
				CLANG_WARN_STRICT_PROTOTYPES = YES;
				CLANG_WARN_SUSPICIOUS_MOVE = YES;
				CLANG_WARN_UNGUARDED_AVAILABILITY = YES_AGGRESSIVE;
				CLANG_WARN_UNREACHABLE_CODE = YES;
				CLANG_WARN__DUPLICATE_METHOD_MATCH = YES;
				COPY_PHASE_STRIP = NO;
				DEBUG_INFORMATION_FORMAT = dwarf;
				ENABLE_STRICT_OBJC_MSGSEND = YES;
				ENABLE_TESTABILITY = YES;
				ENABLE_USER_SCRIPT_SANDBOXING = YES;
				GCC_C_LANGUAGE_STANDARD = gnu17;
				GCC_DYNAMIC_NO_PIC = NO;
				GCC_NO_COMMON_BLOCKS = YES;
				GCC_OPTIMIZATION_LEVEL = 0;
				GCC_PREPROCESSOR_DEFINITIONS = (
					"DEBUG=1",
					"$(inherited)",
				);
				GCC_WARN_64_TO_32_BIT_CONVERSION = YES;
				GCC_WARN_ABOUT_RETURN_TYPE = YES_ERROR;
				GCC_WARN_UNDECLARED_SELECTOR = YES;
				GCC_WARN_UNINITIALIZED_AUTOS = YES_AGGRESSIVE;
				GCC_WARN_UNUSED_FUNCTION = YES;
				GCC_WARN_UNUSED_VARIABLE = YES;
				IPHONEOS_DEPLOYMENT_TARGET = 17.5;
				LOCALIZATION_PREFERS_STRING_CATALOGS = YES;
				MTL_ENABLE_DEBUG_INFO = INCLUDE_SOURCE;
				MTL_FAST_MATH = YES;
				ONLY_ACTIVE_ARCH = YES;
				SDKROOT = iphoneos;
				SWIFT_ACTIVE_COMPILATION_CONDITIONS = "DEBUG $(inherited)";
				SWIFT_OPTIMIZATION_LEVEL = "-Onone";
			};
			name = Debug;
		};
		61DBC23E2C5986CB0007F69D /* Release */ = {
			isa = XCBuildConfiguration;
			buildSettings = {
				ALWAYS_SEARCH_USER_PATHS = NO;
				ASSETCATALOG_COMPILER_GENERATE_SWIFT_ASSET_SYMBOL_EXTENSIONS = YES;
				CLANG_ANALYZER_NONNULL = YES;
				CLANG_ANALYZER_NUMBER_OBJECT_CONVERSION = YES_AGGRESSIVE;
				CLANG_CXX_LANGUAGE_STANDARD = "gnu++20";
				CLANG_ENABLE_MODULES = YES;
				CLANG_ENABLE_OBJC_ARC = YES;
				CLANG_ENABLE_OBJC_WEAK = YES;
				CLANG_WARN_BLOCK_CAPTURE_AUTORELEASING = YES;
				CLANG_WARN_BOOL_CONVERSION = YES;
				CLANG_WARN_COMMA = YES;
				CLANG_WARN_CONSTANT_CONVERSION = YES;
				CLANG_WARN_DEPRECATED_OBJC_IMPLEMENTATIONS = YES;
				CLANG_WARN_DIRECT_OBJC_ISA_USAGE = YES_ERROR;
				CLANG_WARN_DOCUMENTATION_COMMENTS = YES;
				CLANG_WARN_EMPTY_BODY = YES;
				CLANG_WARN_ENUM_CONVERSION = YES;
				CLANG_WARN_INFINITE_RECURSION = YES;
				CLANG_WARN_INT_CONVERSION = YES;
				CLANG_WARN_NON_LITERAL_NULL_CONVERSION = YES;
				CLANG_WARN_OBJC_IMPLICIT_RETAIN_SELF = YES;
				CLANG_WARN_OBJC_LITERAL_CONVERSION = YES;
				CLANG_WARN_OBJC_ROOT_CLASS = YES_ERROR;
				CLANG_WARN_QUOTED_INCLUDE_IN_FRAMEWORK_HEADER = YES;
				CLANG_WARN_RANGE_LOOP_ANALYSIS = YES;
				CLANG_WARN_STRICT_PROTOTYPES = YES;
				CLANG_WARN_SUSPICIOUS_MOVE = YES;
				CLANG_WARN_UNGUARDED_AVAILABILITY = YES_AGGRESSIVE;
				CLANG_WARN_UNREACHABLE_CODE = YES;
				CLANG_WARN__DUPLICATE_METHOD_MATCH = YES;
				COPY_PHASE_STRIP = NO;
				DEBUG_INFORMATION_FORMAT = "dwarf-with-dsym";
				ENABLE_NS_ASSERTIONS = NO;
				ENABLE_STRICT_OBJC_MSGSEND = YES;
				ENABLE_USER_SCRIPT_SANDBOXING = YES;
				GCC_C_LANGUAGE_STANDARD = gnu17;
				GCC_NO_COMMON_BLOCKS = YES;
				GCC_WARN_64_TO_32_BIT_CONVERSION = YES;
				GCC_WARN_ABOUT_RETURN_TYPE = YES_ERROR;
				GCC_WARN_UNDECLARED_SELECTOR = YES;
				GCC_WARN_UNINITIALIZED_AUTOS = YES_AGGRESSIVE;
				GCC_WARN_UNUSED_FUNCTION = YES;
				GCC_WARN_UNUSED_VARIABLE = YES;
				IPHONEOS_DEPLOYMENT_TARGET = 17.5;
				LOCALIZATION_PREFERS_STRING_CATALOGS = YES;
				MTL_ENABLE_DEBUG_INFO = NO;
				MTL_FAST_MATH = YES;
				SDKROOT = iphoneos;
				SWIFT_COMPILATION_MODE = wholemodule;
				VALIDATE_PRODUCT = YES;
			};
			name = Release;
		};
		61DBC2402C5986CB0007F69D /* Debug */ = {
			isa = XCBuildConfiguration;
			buildSettings = {
				ASSETCATALOG_COMPILER_APPICON_NAME = AppIcon;
				ASSETCATALOG_COMPILER_GLOBAL_ACCENT_COLOR_NAME = AccentColor;
				CODE_SIGN_IDENTITY = "Apple Development";
				CODE_SIGN_STYLE = Automatic;
				CURRENT_PROJECT_VERSION = 1;
				DEVELOPMENT_ASSET_PATHS = "\"ML/Preview Content\"";
				DEVELOPMENT_TEAM = 56QA9FYA3V;
				ENABLE_PREVIEWS = YES;
				GENERATE_INFOPLIST_FILE = YES;
				INFOPLIST_KEY_CFBundleDisplayName = AnimArt;
				INFOPLIST_KEY_LSApplicationCategoryType = "public.app-category.kids-games";
				INFOPLIST_KEY_UIApplicationSceneManifest_Generation = YES;
				INFOPLIST_KEY_UIApplicationSupportsIndirectInputEvents = YES;
				INFOPLIST_KEY_UILaunchScreen_Generation = YES;
				INFOPLIST_KEY_UISupportedInterfaceOrientations = "UIInterfaceOrientationLandscapeLeft UIInterfaceOrientationLandscapeRight UIInterfaceOrientationPortrait";
				INFOPLIST_KEY_UISupportedInterfaceOrientations_iPad = "UIInterfaceOrientationLandscapeLeft UIInterfaceOrientationLandscapeRight UIInterfaceOrientationPortrait UIInterfaceOrientationPortraitUpsideDown";
				IPHONEOS_DEPLOYMENT_TARGET = 17.3;
				LD_RUNPATH_SEARCH_PATHS = (
					"$(inherited)",
					"@executable_path/Frameworks",
				);
				MARKETING_VERSION = 0.1.0;
				PRODUCT_BUNDLE_IDENTIFIER = br.com.AnimArt.pamellaAlvarenga;
				PRODUCT_NAME = "$(TARGET_NAME)";
				PROVISIONING_PROFILE_SPECIFIER = "";
				SUPPORTED_PLATFORMS = "iphoneos iphonesimulator";
				SUPPORTS_MACCATALYST = NO;
				SUPPORTS_MAC_DESIGNED_FOR_IPHONE_IPAD = NO;
				SUPPORTS_XR_DESIGNED_FOR_IPHONE_IPAD = NO;
				SWIFT_EMIT_LOC_STRINGS = YES;
				SWIFT_VERSION = 5.0;
				TARGETED_DEVICE_FAMILY = 2;
			};
			name = Debug;
		};
		61DBC2412C5986CB0007F69D /* Release */ = {
			isa = XCBuildConfiguration;
			buildSettings = {
				ASSETCATALOG_COMPILER_APPICON_NAME = AppIcon;
				ASSETCATALOG_COMPILER_GLOBAL_ACCENT_COLOR_NAME = AccentColor;
				CODE_SIGN_STYLE = Automatic;
				CURRENT_PROJECT_VERSION = 1;
				DEVELOPMENT_ASSET_PATHS = "\"ML/Preview Content\"";
				DEVELOPMENT_TEAM = 56QA9FYA3V;
				ENABLE_PREVIEWS = YES;
				GENERATE_INFOPLIST_FILE = YES;
				INFOPLIST_KEY_CFBundleDisplayName = AnimArt;
				INFOPLIST_KEY_LSApplicationCategoryType = "public.app-category.kids-games";
				INFOPLIST_KEY_UIApplicationSceneManifest_Generation = YES;
				INFOPLIST_KEY_UIApplicationSupportsIndirectInputEvents = YES;
				INFOPLIST_KEY_UILaunchScreen_Generation = YES;
				INFOPLIST_KEY_UISupportedInterfaceOrientations = "UIInterfaceOrientationLandscapeLeft UIInterfaceOrientationLandscapeRight UIInterfaceOrientationPortrait";
				INFOPLIST_KEY_UISupportedInterfaceOrientations_iPad = "UIInterfaceOrientationLandscapeLeft UIInterfaceOrientationLandscapeRight UIInterfaceOrientationPortrait UIInterfaceOrientationPortraitUpsideDown";
				IPHONEOS_DEPLOYMENT_TARGET = 17.3;
				LD_RUNPATH_SEARCH_PATHS = (
					"$(inherited)",
					"@executable_path/Frameworks",
				);
				MARKETING_VERSION = 0.1.0;
				PRODUCT_BUNDLE_IDENTIFIER = br.com.AnimArt.pamellaAlvarenga;
				PRODUCT_NAME = "$(TARGET_NAME)";
				SUPPORTED_PLATFORMS = "iphoneos iphonesimulator";
				SUPPORTS_MACCATALYST = NO;
				SUPPORTS_MAC_DESIGNED_FOR_IPHONE_IPAD = NO;
				SUPPORTS_XR_DESIGNED_FOR_IPHONE_IPAD = NO;
				SWIFT_EMIT_LOC_STRINGS = YES;
				SWIFT_VERSION = 5.0;
				TARGETED_DEVICE_FAMILY = 2;
			};
			name = Release;
		};
/* End XCBuildConfiguration section */

/* Begin XCConfigurationList section */
		61DBC22C2C5986CA0007F69D /* Build configuration list for PBXProject "ML" */ = {
			isa = XCConfigurationList;
			buildConfigurations = (
				61DBC23D2C5986CB0007F69D /* Debug */,
				61DBC23E2C5986CB0007F69D /* Release */,
			);
			defaultConfigurationIsVisible = 0;
			defaultConfigurationName = Release;
		};
		61DBC23F2C5986CB0007F69D /* Build configuration list for PBXNativeTarget "ML" */ = {
			isa = XCConfigurationList;
			buildConfigurations = (
				61DBC2402C5986CB0007F69D /* Debug */,
				61DBC2412C5986CB0007F69D /* Release */,
			);
			defaultConfigurationIsVisible = 0;
			defaultConfigurationName = Release;
		};
/* End XCConfigurationList section */
	};
	rootObject = 61DBC2292C5986CA0007F69D /* Project object */;
}
